
Microsoft Visual Studio Solution File, Format Version 12.00
# Visual Studio Version 17
VisualStudioVersion = 17.13.35931.197
MinimumVisualStudioVersion = 10.0.40219.1
Project("{FAE04EC0-301F-11D3-BF4B-00C04F79EFBC}") = "01_IntroToDotNet", "01_IntroToDotNet\01_IntroToDotNet.csproj", "{CC59E2AC-BAE8-473C-A3F3-2E5DF2C41C6C}"
EndProject
Project("{FAE04EC0-301F-11D3-BF4B-00C04F79EFBC}") = "02_Array", "02_Array\02_Array.csproj", "{E86AA6C8-4C0D-473B-B9EB-1F07F433522B}"
EndProject
Project("{FAE04EC0-301F-11D3-BF4B-00C04F79EFBC}") = "03_String", "03_String\03_String.csproj", "{577ED6DE-FD22-44DC-8E45-5E899F157F62}"
EndProject
Project("{FAE04EC0-301F-11D3-BF4B-00C04F79EFBC}") = "04_IntroToOOP", "04_IntroToOOP\04_IntroToOOP.csproj", "{1808C02E-A1FE-4560-9FE9-B3004C91B6C0}"
EndProject
Project("{FAE04EC0-301F-11D3-BF4B-00C04F79EFBC}") = "05_StructRefOut", "05_StructRefOut\05_StructRefOut.csproj", "{3EBEE6B7-798C-4476-A07E-2539DC25C5F4}"
EndProject
Project("{FAE04EC0-301F-11D3-BF4B-00C04F79EFBC}") = "06_Exception", "06_Exception\06_Exception.csproj", "{78832E7F-B499-47E7-94C6-0939C9A7E671}"
EndProject
Global
	GlobalSection(SolutionConfigurationPlatforms) = preSolution
		Debug|Any CPU = Debug|Any CPU
		Release|Any CPU = Release|Any CPU
	EndGlobalSection
	GlobalSection(ProjectConfigurationPlatforms) = postSolution
		{CC59E2AC-BAE8-473C-A3F3-2E5DF2C41C6C}.Debug|Any CPU.ActiveCfg = Debug|Any CPU
		{CC59E2AC-BAE8-473C-A3F3-2E5DF2C41C6C}.Debug|Any CPU.Build.0 = Debug|Any CPU
		{CC59E2AC-BAE8-473C-A3F3-2E5DF2C41C6C}.Release|Any CPU.ActiveCfg = Release|Any CPU
		{CC59E2AC-BAE8-473C-A3F3-2E5DF2C41C6C}.Release|Any CPU.Build.0 = Release|Any CPU
		{E86AA6C8-4C0D-473B-B9EB-1F07F433522B}.Debug|Any CPU.ActiveCfg = Debug|Any CPU
		{E86AA6C8-4C0D-473B-B9EB-1F07F433522B}.Debug|Any CPU.Build.0 = Debug|Any CPU
		{E86AA6C8-4C0D-473B-B9EB-1F07F433522B}.Release|Any CPU.ActiveCfg = Release|Any CPU
		{E86AA6C8-4C0D-473B-B9EB-1F07F433522B}.Release|Any CPU.Build.0 = Release|Any CPU
		{577ED6DE-FD22-44DC-8E45-5E899F157F62}.Debug|Any CPU.ActiveCfg = Debug|Any CPU
		{577ED6DE-FD22-44DC-8E45-5E899F157F62}.Debug|Any CPU.Build.0 = Debug|Any CPU
		{577ED6DE-FD22-44DC-8E45-5E899F157F62}.Release|Any CPU.ActiveCfg = Release|Any CPU
		{577ED6DE-FD22-44DC-8E45-5E899F157F62}.Release|Any CPU.Build.0 = Release|Any CPU
		{1808C02E-A1FE-4560-9FE9-B3004C91B6C0}.Debug|Any CPU.ActiveCfg = Debug|Any CPU
		{1808C02E-A1FE-4560-9FE9-B3004C91B6C0}.Debug|Any CPU.Build.0 = Debug|Any CPU
		{1808C02E-A1FE-4560-9FE9-B3004C91B6C0}.Release|Any CPU.ActiveCfg = Release|Any CPU
		{1808C02E-A1FE-4560-9FE9-B3004C91B6C0}.Release|Any CPU.Build.0 = Release|Any CPU
		{3EBEE6B7-798C-4476-A07E-2539DC25C5F4}.Debug|Any CPU.ActiveCfg = Debug|Any CPU
		{3EBEE6B7-798C-4476-A07E-2539DC25C5F4}.Debug|Any CPU.Build.0 = Debug|Any CPU
		{3EBEE6B7-798C-4476-A07E-2539DC25C5F4}.Release|Any CPU.ActiveCfg = Release|Any CPU
		{3EBEE6B7-798C-4476-A07E-2539DC25C5F4}.Release|Any CPU.Build.0 = Release|Any CPU
		{78832E7F-B499-47E7-94C6-0939C9A7E671}.Debug|Any CPU.ActiveCfg = Debug|Any CPU
		{78832E7F-B499-47E7-94C6-0939C9A7E671}.Debug|Any CPU.Build.0 = Debug|Any CPU
		{78832E7F-B499-47E7-94C6-0939C9A7E671}.Release|Any CPU.ActiveCfg = Release|Any CPU
		{78832E7F-B499-47E7-94C6-0939C9A7E671}.Release|Any CPU.Build.0 = Release|Any CPU
	EndGlobalSection
	GlobalSection(SolutionProperties) = preSolution
		HideSolutionNode = FALSE
	EndGlobalSection
	GlobalSection(ExtensibilityGlobals) = postSolution
		SolutionGuid = {345DD310-320A-4058-9646-6EC851A63FF4}
	EndGlobalSection
EndGlobal
